<?xml version="1.0" encoding="utf-8"?>
<Project ToolsVersion="16.0" xmlns="http://schemas.microsoft.com/developer/msbuild/2003">
  <ItemGroup>
    <Filter Include="Source Files">
      <UniqueIdentifier>{1844dd78-02cf-4405-ad3e-c5810439e1af}</UniqueIdentifier>
      <Extensions>cpp;c;cxx;def;odl;idl;hpj;bat;asm</Extensions>
    </Filter>
    <Filter Include="Header Files">
      <UniqueIdentifier>{822267a3-fb9d-4b3e-8b98-1158a1fcab7d}</UniqueIdentifier>
      <Extensions>h;hpp;hxx;hm;inl;inc</Extensions>
    </Filter>
    <Filter Include="Resource Files">
      <UniqueIdentifier>{1c3eeefe-f236-488e-a265-eab09598f73b}</UniqueIdentifier>
      <Extensions>rc;ico;cur;bmp;dlg;rc2;rct;bin;rgs;jpg;jpeg;jpe;manifest</Extensions>
    </Filter>
  </ItemGroup>
  <ItemGroup>
    <ClCompile Include="CMSCT32.cpp">
      <Filter>Source Files</Filter>
    </ClCompile>
    <ClCompile Include="CMSCTReportsMenu.cpp">
      <Filter>Source Files</Filter>
    </ClCompile>
    <ClCompile Include="MainFrm.cpp">
      <Filter>Source Files</Filter>
    </ClCompile>
    <ClCompile Include="..\cmssource\MSXMLImpl.cpp">
      <Filter>Source Files</Filter>
    </ClCompile>
    <ClCompile Include="stdafx.cpp">
      <Filter>Source Files</Filter>
    </ClCompile>
  </ItemGroup>
  <ItemGroup>
    <ClInclude Include="CMSCT32.h">
      <Filter>Header Files</Filter>
    </ClInclude>
    <ClInclude Include="CMSCTReportsMenu.h">
      <Filter>Header Files</Filter>
    </ClInclude>
    <ClInclude Include="MainFrm.h">
      <Filter>Header Files</Filter>
    </ClInclude>
    <ClInclude Include="Resource.h">
      <Filter>Header Files</Filter>
    </ClInclude>
    <ClInclude Include="stdafx.h">
      <Filter>Header Files</Filter>
    </ClInclude>
    <ClInclude Include="..\cmsinclude\winver.h">
      <Filter>Header Files</Filter>
    </ClInclude>
  </ItemGroup>
  <ItemGroup>
    <None Include="res\CMSCT32.ico">
      <Filter>Resource Files</Filter>
    </None>
    <None Include="res\CMSCT32.rc2">
      <Filter>Resource Files</Filter>
    </None>
    <None Include="res\CMSCT32Doc.ico">
      <Filter>Resource Files</Filter>
    </None>
    <None Include="res\GL.ico">
      <Filter>Resource Files</Filter>
    </None>
    <None Include="res\SAMTBMAIN.bmp">
      <Filter>Resource Files</Filter>
    </None>
    <None Include="res\Toolbar.bmp">
      <Filter>Resource Files</Filter>
    </None>
    <None Include="Res\Controller.ico">
      <Filter>Resource Files</Filter>
    </None>
    <None Include="Res\CT32x32.ico">
      <Filter>Resource Files</Filter>
    </None>
    <None Include="app.config" />
  </ItemGroup>
  <ItemGroup>
    <ResourceCompile Include="CMSCT32.rc">
      <Filter>Resource Files</Filter>
    </ResourceCompile>
  </ItemGroup>
  <ItemGroup>
    <CustomBuildStep Include="Res\CMSCT.manifest">
      <Filter>Resource Files</Filter>
    </CustomBuildStep>
  </ItemGroup>
</Project>